
Microsoft Visual Studio Solution File, Format Version 12.00
# Visual Studio Version 17
VisualStudioVersion = 17.0.31903.59
MinimumVisualStudioVersion = 10.0.40219.1
Project("{2150E333-8FDC-42A3-9474-1A3956D46DE8}") = "10-Common", "10-Common", "{2E0805CD-7A63-499F-9547-96E7700D48DF}"
EndProject
Project("{2150E333-8FDC-42A3-9474-1A3956D46DE8}") = "20-Bll", "20-Bll", "{0C4D8957-524E-4E36-A2C1-476776271AEA}"
EndProject
Project("{2150E333-8FDC-42A3-9474-1A3956D46DE8}") = "30-Engine", "30-Engine", "{83F7C3EA-D33B-4DDF-860C-4806E700A24D}"
EndProject
Project("{2150E333-8FDC-42A3-9474-1A3956D46DE8}") = "40-Service", "40-Service", "{D9507738-D0BF-46C6-9D6F-E6899B8EE5B4}"
EndProject
Project("{2150E333-8FDC-42A3-9474-1A3956D46DE8}") = "50-App", "50-App", "{58F16732-1682-421E-B269-57977E92B892}"
EndProject
Project("{2150E333-8FDC-42A3-9474-1A3956D46DE8}") = "60-Test", "60-Test", "{5E1346D8-2DB1-45A1-9D61-177B9755FAA6}"
EndProject
Project("{FAE04EC0-301F-11D3-BF4B-00C04F79EFBC}") = "UVM4Cs.Common", "10-Common\UVM4Cs.Common\UVM4Cs.Common.csproj", "{0E679D61-9F04-48FD-8C43-98723949E82D}"
EndProject
Project("{FAE04EC0-301F-11D3-BF4B-00C04F79EFBC}") = "UVM4Cs.Bll", "20-Bll\UVM4Cs.Bll\UVM4Cs.Bll.csproj", "{EBFBB91C-738A-479E-9619-1AA022DAFCD7}"
EndProject
Project("{FAE04EC0-301F-11D3-BF4B-00C04F79EFBC}") = "UVM4Cs.Engine", "30-Engine\UVM4Cs.Engine\UVM4Cs.Engine.csproj", "{324F792D-5626-4C87-8E27-78BEB2BB611C}"
EndProject
Project("{FAE04EC0-301F-11D3-BF4B-00C04F79EFBC}") = "UVM4Cs.Service", "40-Service\UVM4Cs.Service\UVM4Cs.Service.csproj", "{A41330B6-0D96-4FDF-806E-F6FFA7F38AAA}"
EndProject
Project("{FAE04EC0-301F-11D3-BF4B-00C04F79EFBC}") = "UVM4Cs.CLI", "50-App\UVM4Cs.CLI\UVM4Cs.CLI.csproj", "{BF10D27F-763A-4CDC-8DC8-FD15797954F9}"
EndProject
Project("{FAE04EC0-301F-11D3-BF4B-00C04F79EFBC}") = "UVM4Cs.Test", "60-Test\UVM4Cs.Test\UVM4Cs.Test.csproj", "{CDD5F6C3-AFCE-496D-A9A8-32C1D0361BD2}"
EndProject
Global
	GlobalSection(SolutionConfigurationPlatforms) = preSolution
		Debug|Any CPU = Debug|Any CPU
		Release|Any CPU = Release|Any CPU
	EndGlobalSection
	GlobalSection(SolutionProperties) = preSolution
		HideSolutionNode = FALSE
	EndGlobalSection
	GlobalSection(ProjectConfigurationPlatforms) = postSolution
		{BF10D27F-763A-4CDC-8DC8-FD15797954F9}.Debug|Any CPU.ActiveCfg = Debug|Any CPU
		{BF10D27F-763A-4CDC-8DC8-FD15797954F9}.Debug|Any CPU.Build.0 = Debug|Any CPU
		{BF10D27F-763A-4CDC-8DC8-FD15797954F9}.Release|Any CPU.ActiveCfg = Release|Any CPU
		{BF10D27F-763A-4CDC-8DC8-FD15797954F9}.Release|Any CPU.Build.0 = Release|Any CPU
		{0E679D61-9F04-48FD-8C43-98723949E82D}.Debug|Any CPU.ActiveCfg = Debug|Any CPU
		{0E679D61-9F04-48FD-8C43-98723949E82D}.Debug|Any CPU.Build.0 = Debug|Any CPU
		{0E679D61-9F04-48FD-8C43-98723949E82D}.Release|Any CPU.ActiveCfg = Release|Any CPU
		{0E679D61-9F04-48FD-8C43-98723949E82D}.Release|Any CPU.Build.0 = Release|Any CPU
		{EBFBB91C-738A-479E-9619-1AA022DAFCD7}.Debug|Any CPU.ActiveCfg = Debug|Any CPU
		{EBFBB91C-738A-479E-9619-1AA022DAFCD7}.Debug|Any CPU.Build.0 = Debug|Any CPU
		{EBFBB91C-738A-479E-9619-1AA022DAFCD7}.Release|Any CPU.ActiveCfg = Release|Any CPU
		{EBFBB91C-738A-479E-9619-1AA022DAFCD7}.Release|Any CPU.Build.0 = Release|Any CPU
		{324F792D-5626-4C87-8E27-78BEB2BB611C}.Debug|Any CPU.ActiveCfg = Debug|Any CPU
		{324F792D-5626-4C87-8E27-78BEB2BB611C}.Debug|Any CPU.Build.0 = Debug|Any CPU
		{324F792D-5626-4C87-8E27-78BEB2BB611C}.Release|Any CPU.ActiveCfg = Release|Any CPU
		{324F792D-5626-4C87-8E27-78BEB2BB611C}.Release|Any CPU.Build.0 = Release|Any CPU
		{A41330B6-0D96-4FDF-806E-F6FFA7F38AAA}.Debug|Any CPU.ActiveCfg = Debug|Any CPU
		{A41330B6-0D96-4FDF-806E-F6FFA7F38AAA}.Debug|Any CPU.Build.0 = Debug|Any CPU
		{A41330B6-0D96-4FDF-806E-F6FFA7F38AAA}.Release|Any CPU.ActiveCfg = Release|Any CPU
		{A41330B6-0D96-4FDF-806E-F6FFA7F38AAA}.Release|Any CPU.Build.0 = Release|Any CPU
		{CDD5F6C3-AFCE-496D-A9A8-32C1D0361BD2}.Debug|Any CPU.ActiveCfg = Debug|Any CPU
		{CDD5F6C3-AFCE-496D-A9A8-32C1D0361BD2}.Debug|Any CPU.Build.0 = Debug|Any CPU
		{CDD5F6C3-AFCE-496D-A9A8-32C1D0361BD2}.Release|Any CPU.ActiveCfg = Release|Any CPU
		{CDD5F6C3-AFCE-496D-A9A8-32C1D0361BD2}.Release|Any CPU.Build.0 = Release|Any CPU
	EndGlobalSection
	GlobalSection(NestedProjects) = preSolution
		{BF10D27F-763A-4CDC-8DC8-FD15797954F9} = {58F16732-1682-421E-B269-57977E92B892}
		{0E679D61-9F04-48FD-8C43-98723949E82D} = {2E0805CD-7A63-499F-9547-96E7700D48DF}
		{EBFBB91C-738A-479E-9619-1AA022DAFCD7} = {0C4D8957-524E-4E36-A2C1-476776271AEA}
		{324F792D-5626-4C87-8E27-78BEB2BB611C} = {83F7C3EA-D33B-4DDF-860C-4806E700A24D}
		{A41330B6-0D96-4FDF-806E-F6FFA7F38AAA} = {D9507738-D0BF-46C6-9D6F-E6899B8EE5B4}
		{CDD5F6C3-AFCE-496D-A9A8-32C1D0361BD2} = {5E1346D8-2DB1-45A1-9D61-177B9755FAA6}
	EndGlobalSection
EndGlobal
